
Microsoft Visual Studio Solution File, Format Version 12.00
# Visual Studio Version 16
VisualStudioVersion = 16.0.30011.22
MinimumVisualStudioVersion = 10.0.40219.1
Project("{FAE04EC0-301F-11D3-BF4B-00C04F79EFBC}") = "NotePad", "NotePad\NotePad.csproj", "{A90F978F-FE14-4042-B549-D11B291DE1EC}"
EndProject
Global
	GlobalSection(SolutionConfigurationPlatforms) = preSolution
		Debug|Any CPU = Debug|Any CPU
		Release|Any CPU = Release|Any CPU
	EndGlobalSection
	GlobalSection(ProjectConfigurationPlatforms) = postSolution
		{A90F978F-FE14-4042-B549-D11B291DE1EC}.Debug|Any CPU.ActiveCfg = Debug|Any CPU
		{A90F978F-FE14-4042-B549-D11B291DE1EC}.Debug|Any CPU.Build.0 = Debug|Any CPU
		{A90F978F-FE14-4042-B549-D11B291DE1EC}.Release|Any CPU.ActiveCfg = Release|Any CPU
		{A90F978F-FE14-4042-B549-D11B291DE1EC}.Release|Any CPU.Build.0 = Release|Any CPU
	EndGlobalSection
	GlobalSection(SolutionProperties) = preSolution
		HideSolutionNode = FALSE
	EndGlobalSection
	GlobalSection(ExtensibilityGlobals) = postSolution
		SolutionGuid = {8091402B-C0DA-4218-B660-35D948617FC9}
	EndGlobalSection
EndGlobal
